
Microsoft Visual Studio Solution File, Format Version 12.00
# Visual Studio Version 16
VisualStudioVersion = 16.0.31129.286
MinimumVisualStudioVersion = 10.0.40219.1
Project("{FAE04EC0-301F-11D3-BF4B-00C04F79EFBC}") = "Lab_NguyenTrungAnh", "Lab_NguyenTrungAnh\Lab_NguyenTrungAnh.csproj", "{F2D95F10-ED1E-4112-9188-AE15FAF1F048}"
EndProject
Global
	GlobalSection(SolutionConfigurationPlatforms) = preSolution
		Debug|Any CPU = Debug|Any CPU
		Release|Any CPU = Release|Any CPU
	EndGlobalSection
	GlobalSection(ProjectConfigurationPlatforms) = postSolution
		{F2D95F10-ED1E-4112-9188-AE15FAF1F048}.Debug|Any CPU.ActiveCfg = Debug|Any CPU
		{F2D95F10-ED1E-4112-9188-AE15FAF1F048}.Debug|Any CPU.Build.0 = Debug|Any CPU
		{F2D95F10-ED1E-4112-9188-AE15FAF1F048}.Release|Any CPU.ActiveCfg = Release|Any CPU
		{F2D95F10-ED1E-4112-9188-AE15FAF1F048}.Release|Any CPU.Build.0 = Release|Any CPU
	EndGlobalSection
	GlobalSection(SolutionProperties) = preSolution
		HideSolutionNode = FALSE
	EndGlobalSection
	GlobalSection(ExtensibilityGlobals) = postSolution
		SolutionGuid = {DE34683F-92B8-4262-8ADA-21C7FC378EBA}
	EndGlobalSection
EndGlobal
